
Microsoft Visual Studio Solution File, Format Version 12.00
# Visual Studio 15
VisualStudioVersion = 15.0.28307.271
MinimumVisualStudioVersion = 10.0.40219.1
Project("{9A19103F-16F7-4668-BE54-9A1E7A4F7556}") = "Reflex.Browser", "Reflex.Browser\Reflex.Browser.csproj", "{9411BF4C-AEC9-4829-91EE-6F2550810B83}"
EndProject
Project("{FAE04EC0-301F-11D3-BF4B-00C04F79EFBC}") = "Reflex.Browser.netfx", "Reflex.Browser.netfx\Reflex.Browser.netfx.csproj", "{AAC05718-75F4-4D03-856F-814E4484C2E0}"
EndProject
Project("{FAE04EC0-301F-11D3-BF4B-00C04F79EFBC}") = "Reflex.Framework", "Reflex.Framework\Reflex.Framework.csproj", "{D8826834-4407-4C86-BB47-37A628D0FBFA}"
EndProject
Global
	GlobalSection(SolutionConfigurationPlatforms) = preSolution
		Debug|Any CPU = Debug|Any CPU
		Release|Any CPU = Release|Any CPU
	EndGlobalSection
	GlobalSection(ProjectConfigurationPlatforms) = postSolution
		{9411BF4C-AEC9-4829-91EE-6F2550810B83}.Debug|Any CPU.ActiveCfg = Debug|Any CPU
		{9411BF4C-AEC9-4829-91EE-6F2550810B83}.Debug|Any CPU.Build.0 = Debug|Any CPU
		{9411BF4C-AEC9-4829-91EE-6F2550810B83}.Release|Any CPU.ActiveCfg = Release|Any CPU
		{9411BF4C-AEC9-4829-91EE-6F2550810B83}.Release|Any CPU.Build.0 = Release|Any CPU
		{AAC05718-75F4-4D03-856F-814E4484C2E0}.Debug|Any CPU.ActiveCfg = Debug|Any CPU
		{AAC05718-75F4-4D03-856F-814E4484C2E0}.Debug|Any CPU.Build.0 = Debug|Any CPU
		{AAC05718-75F4-4D03-856F-814E4484C2E0}.Release|Any CPU.ActiveCfg = Release|Any CPU
		{AAC05718-75F4-4D03-856F-814E4484C2E0}.Release|Any CPU.Build.0 = Release|Any CPU
		{D8826834-4407-4C86-BB47-37A628D0FBFA}.Debug|Any CPU.ActiveCfg = Debug|Any CPU
		{D8826834-4407-4C86-BB47-37A628D0FBFA}.Debug|Any CPU.Build.0 = Debug|Any CPU
		{D8826834-4407-4C86-BB47-37A628D0FBFA}.Release|Any CPU.ActiveCfg = Release|Any CPU
		{D8826834-4407-4C86-BB47-37A628D0FBFA}.Release|Any CPU.Build.0 = Release|Any CPU
	EndGlobalSection
	GlobalSection(SolutionProperties) = preSolution
		HideSolutionNode = FALSE
	EndGlobalSection
	GlobalSection(ExtensibilityGlobals) = postSolution
		SolutionGuid = {7D6C4946-7C0E-4748-A092-FABAF33F790B}
	EndGlobalSection
EndGlobal
